
Microsoft Visual Studio Solution File, Format Version 12.00
# Visual Studio Version 17
VisualStudioVersion = 17.10.34916.146
MinimumVisualStudioVersion = 10.0.40219.1
Project("{FAE04EC0-301F-11D3-BF4B-00C04F79EFBC}") = "face_recognation_demo", "face_recognation_demo\face_recognation_demo.csproj", "{ECD3724A-1BC2-4323-99BA-AE71FD607CCE}"
EndProject
Global
	GlobalSection(SolutionConfigurationPlatforms) = preSolution
		Debug|Any CPU = Debug|Any CPU
		Release|Any CPU = Release|Any CPU
	EndGlobalSection
	GlobalSection(ProjectConfigurationPlatforms) = postSolution
		{ECD3724A-1BC2-4323-99BA-AE71FD607CCE}.Debug|Any CPU.ActiveCfg = Debug|Any CPU
		{ECD3724A-1BC2-4323-99BA-AE71FD607CCE}.Debug|Any CPU.Build.0 = Debug|Any CPU
		{ECD3724A-1BC2-4323-99BA-AE71FD607CCE}.Release|Any CPU.ActiveCfg = Release|Any CPU
		{ECD3724A-1BC2-4323-99BA-AE71FD607CCE}.Release|Any CPU.Build.0 = Release|Any CPU
	EndGlobalSection
	GlobalSection(SolutionProperties) = preSolution
		HideSolutionNode = FALSE
	EndGlobalSection
	GlobalSection(ExtensibilityGlobals) = postSolution
		SolutionGuid = {6764DB1F-BCA9-47A3-AB7A-6CDACF2D015A}
	EndGlobalSection
EndGlobal
